
Microsoft Visual Studio Solution File, Format Version 12.00
# Visual Studio Version 16
VisualStudioVersion = 16.0.29920.165
MinimumVisualStudioVersion = 10.0.40219.1
Project("{FAE04EC0-301F-11D3-BF4B-00C04F79EFBC}") = "MommyDayCare.Server", "MommyDayCare\Server\MommyDayCare.Server.csproj", "{741608EB-BCFB-4CDC-8633-BE77F70D4D0D}"
EndProject
Project("{FAE04EC0-301F-11D3-BF4B-00C04F79EFBC}") = "MommyDayCare.Client", "MommyDayCare\Client\MommyDayCare.Client.csproj", "{0D70637F-30A9-4194-8F87-78C1C3E69970}"
EndProject
Project("{FAE04EC0-301F-11D3-BF4B-00C04F79EFBC}") = "MommyDayCare.Shared", "MommyDayCare\Shared\MommyDayCare.Shared.csproj", "{C560140A-5DDB-4358-AFBD-CE2890436394}"
EndProject
Global
	GlobalSection(SolutionConfigurationPlatforms) = preSolution
		Debug|Any CPU = Debug|Any CPU
		Release|Any CPU = Release|Any CPU
	EndGlobalSection
	GlobalSection(ProjectConfigurationPlatforms) = postSolution
		{741608EB-BCFB-4CDC-8633-BE77F70D4D0D}.Debug|Any CPU.ActiveCfg = Debug|Any CPU
		{741608EB-BCFB-4CDC-8633-BE77F70D4D0D}.Debug|Any CPU.Build.0 = Debug|Any CPU
		{741608EB-BCFB-4CDC-8633-BE77F70D4D0D}.Release|Any CPU.ActiveCfg = Release|Any CPU
		{741608EB-BCFB-4CDC-8633-BE77F70D4D0D}.Release|Any CPU.Build.0 = Release|Any CPU
		{0D70637F-30A9-4194-8F87-78C1C3E69970}.Debug|Any CPU.ActiveCfg = Debug|Any CPU
		{0D70637F-30A9-4194-8F87-78C1C3E69970}.Debug|Any CPU.Build.0 = Debug|Any CPU
		{0D70637F-30A9-4194-8F87-78C1C3E69970}.Release|Any CPU.ActiveCfg = Release|Any CPU
		{0D70637F-30A9-4194-8F87-78C1C3E69970}.Release|Any CPU.Build.0 = Release|Any CPU
		{C560140A-5DDB-4358-AFBD-CE2890436394}.Debug|Any CPU.ActiveCfg = Debug|Any CPU
		{C560140A-5DDB-4358-AFBD-CE2890436394}.Debug|Any CPU.Build.0 = Debug|Any CPU
		{C560140A-5DDB-4358-AFBD-CE2890436394}.Release|Any CPU.ActiveCfg = Release|Any CPU
		{C560140A-5DDB-4358-AFBD-CE2890436394}.Release|Any CPU.Build.0 = Release|Any CPU
	EndGlobalSection
	GlobalSection(SolutionProperties) = preSolution
		HideSolutionNode = FALSE
	EndGlobalSection
	GlobalSection(ExtensibilityGlobals) = postSolution
		SolutionGuid = {E8CD6716-3BCD-45B7-AFD8-BDE814DBDCCE}
	EndGlobalSection
EndGlobal
